
Microsoft Visual Studio Solution File, Format Version 12.00
# Visual Studio Version 16
VisualStudioVersion = 16.0.31025.194
MinimumVisualStudioVersion = 10.0.40219.1
Project("{FAE04EC0-301F-11D3-BF4B-00C04F79EFBC}") = "MonoTest", "MonoTest.csproj", "{EE9D4E27-470E-4A76-BE8E-2ADA03D7952C}"
EndProject
Global
	GlobalSection(SolutionConfigurationPlatforms) = preSolution
		Debug|Any CPU = Debug|Any CPU
		Release|Any CPU = Release|Any CPU
	EndGlobalSection
	GlobalSection(ProjectConfigurationPlatforms) = postSolution
		{EE9D4E27-470E-4A76-BE8E-2ADA03D7952C}.Debug|Any CPU.ActiveCfg = Debug|Any CPU
		{EE9D4E27-470E-4A76-BE8E-2ADA03D7952C}.Debug|Any CPU.Build.0 = Debug|Any CPU
		{EE9D4E27-470E-4A76-BE8E-2ADA03D7952C}.Release|Any CPU.ActiveCfg = Release|Any CPU
		{EE9D4E27-470E-4A76-BE8E-2ADA03D7952C}.Release|Any CPU.Build.0 = Release|Any CPU
	EndGlobalSection
	GlobalSection(SolutionProperties) = preSolution
		HideSolutionNode = FALSE
	EndGlobalSection
	GlobalSection(ExtensibilityGlobals) = postSolution
		SolutionGuid = {36163E3B-8F3E-4342-8D6F-D6E38F298C37}
	EndGlobalSection
EndGlobal
