
Microsoft Visual Studio Solution File, Format Version 12.00
# Visual Studio Version 16
VisualStudioVersion = 16.0.30907.101
MinimumVisualStudioVersion = 10.0.40219.1
Project("{FAE04EC0-301F-11D3-BF4B-00C04F79EFBC}") = "tower-defense", "tower-defense.csproj", "{36E4B8FB-363E-41CF-8E56-CC1C5585BD50}"
EndProject
Global
	GlobalSection(SolutionConfigurationPlatforms) = preSolution
		Debug|Any CPU = Debug|Any CPU
		Release|Any CPU = Release|Any CPU
	EndGlobalSection
	GlobalSection(ProjectConfigurationPlatforms) = postSolution
		{36E4B8FB-363E-41CF-8E56-CC1C5585BD50}.Debug|Any CPU.ActiveCfg = Debug|Any CPU
		{36E4B8FB-363E-41CF-8E56-CC1C5585BD50}.Debug|Any CPU.Build.0 = Debug|Any CPU
		{36E4B8FB-363E-41CF-8E56-CC1C5585BD50}.Release|Any CPU.ActiveCfg = Release|Any CPU
		{36E4B8FB-363E-41CF-8E56-CC1C5585BD50}.Release|Any CPU.Build.0 = Release|Any CPU
	EndGlobalSection
	GlobalSection(SolutionProperties) = preSolution
		HideSolutionNode = FALSE
	EndGlobalSection
	GlobalSection(ExtensibilityGlobals) = postSolution
		SolutionGuid = {DF7E45D0-F6E4-40D6-82BC-9E2EAAF6C98E}
	EndGlobalSection
EndGlobal
